// !$*UTF8*$!
{
	archiveVersion = 1;
	classes = {
	};
	objectVersion = 50;
	objects = {

/* Begin PBXBuildFile section */
		3002AACC22A682E400C73A6E /* AppDelegate.m in Sources */ = {isa = PBXBuildFile; fileRef = 3002AACB22A682E400C73A6E /* AppDelegate.m */; };
		3002AAD422A682E500C73A6E /* Assets.xcassets in Resources */ = {isa = PBXBuildFile; fileRef = 3002AAD322A682E500C73A6E /* Assets.xcassets */; };
		3002AADA22A682E500C73A6E /* main.m in Sources */ = {isa = PBXBuildFile; fileRef = 3002AAD922A682E500C73A6E /* main.m */; };
		3002AAE122A6844100C73A6E /* cat.png in Resources */ = {isa = PBXBuildFile; fileRef = 3002AAE022A6844100C73A6E /* cat.png */; };
		3002AAE422A7CB8D00C73A6E /* CALayerDemoViewController.m in Sources */ = {isa = PBXBuildFile; fileRef = 3002AAE322A7CB8D00C73A6E /* CALayerDemoViewController.m */; };
		3002AAE722A7D15500C73A6E /* MainViewController.m in Sources */ = {isa = PBXBuildFile; fileRef = 3002AAE622A7D15500C73A6E /* MainViewController.m */; };
		304CA34E22B1EE3E006C645B /* CALayerTableViewController.m in Sources */ = {isa = PBXBuildFile; fileRef = 304CA34D22B1EE3E006C645B /* CALayerTableViewController.m */; };
		304CA35222B1F477006C645B /* CALayerContentView.m in Sources */ = {isa = PBXBuildFile; fileRef = 304CA35122B1F477006C645B /* CALayerContentView.m */; };
		30DBA73422B8B7BF005615F7 /* UIViewAnimationViewController.m in Sources */ = {isa = PBXBuildFile; fileRef = 30DBA73322B8B7BF005615F7 /* UIViewAnimationViewController.m */; };
		30DBA73722B8C45A005615F7 /* DemoViewController.m in Sources */ = {isa = PBXBuildFile; fileRef = 30DBA73622B8C45A005615F7 /* DemoViewController.m */; };
		30DBA73A22B8CBD8005615F7 /* UIViewAnimationTypeObject.m in Sources */ = {isa = PBXBuildFile; fileRef = 30DBA73922B8CBD8005615F7 /* UIViewAnimationTypeObject.m */; };
		30DBA73D22B8D192005615F7 /* UIViewDemoViewController.m in Sources */ = {isa = PBXBuildFile; fileRef = 30DBA73C22B8D192005615F7 /* UIViewDemoViewController.m */; };
		E180ED91FDBFCF1F07901A41 /* libPods-CoreAnimationDemo.a in Frameworks */ = {isa = PBXBuildFile; fileRef = 76B81E9C80E226F33BFBA896 /* libPods-CoreAnimationDemo.a */; };
/* End PBXBuildFile section */

/* Begin PBXFileReference section */
		3002AAC722A682E400C73A6E /* CoreAnimationDemo.app */ = {isa = PBXFileReference; explicitFileType = wrapper.application; includeInIndex = 0; path = CoreAnimationDemo.app; sourceTree = BUILT_PRODUCTS_DIR; };
		3002AACA22A682E400C73A6E /* AppDelegate.h */ = {isa = PBXFileReference; lastKnownFileType = sourcecode.c.h; path = AppDelegate.h; sourceTree = "<group>"; };
		3002AACB22A682E400C73A6E /* AppDelegate.m */ = {isa = PBXFileReference; lastKnownFileType = sourcecode.c.objc; path = AppDelegate.m; sourceTree = "<group>"; };
		3002AAD322A682E500C73A6E /* Assets.xcassets */ = {isa = PBXFileReference; lastKnownFileType = folder.assetcatalog; path = Assets.xcassets; sourceTree = "<group>"; };
		3002AAD822A682E500C73A6E /* Info.plist */ = {isa = PBXFileReference; lastKnownFileType = text.plist.xml; path = Info.plist; sourceTree = "<group>"; };
		3002AAD922A682E500C73A6E /* main.m */ = {isa = PBXFileReference; lastKnownFileType = sourcecode.c.objc; path = main.m; sourceTree = "<group>"; };
		3002AAE022A6844100C73A6E /* cat.png */ = {isa = PBXFileReference; lastKnownFileType = image.png; path = cat.png; sourceTree = "<group>"; };
		3002AAE222A7CB8D00C73A6E /* CALayerDemoViewController.h */ = {isa = PBXFileReference; lastKnownFileType = sourcecode.c.h; path = CALayerDemoViewController.h; sourceTree = "<group>"; };
		3002AAE322A7CB8D00C73A6E /* CALayerDemoViewController.m */ = {isa = PBXFileReference; lastKnownFileType = sourcecode.c.objc; path = CALayerDemoViewController.m; sourceTree = "<group>"; };
		3002AAE522A7D15500C73A6E /* MainViewController.h */ = {isa = PBXFileReference; lastKnownFileType = sourcecode.c.h; path = MainViewController.h; sourceTree = "<group>"; };
		3002AAE622A7D15500C73A6E /* MainViewController.m */ = {isa = PBXFileReference; lastKnownFileType = sourcecode.c.objc; path = MainViewController.m; sourceTree = "<group>"; };
		304CA34C22B1EE3E006C645B /* CALayerTableViewController.h */ = {isa = PBXFileReference; lastKnownFileType = sourcecode.c.h; path = CALayerTableViewController.h; sourceTree = "<group>"; };
		304CA34D22B1EE3E006C645B /* CALayerTableViewController.m */ = {isa = PBXFileReference; lastKnownFileType = sourcecode.c.objc; path = CALayerTableViewController.m; sourceTree = "<group>"; };
		304CA35022B1F477006C645B /* CALayerContentView.h */ = {isa = PBXFileReference; lastKnownFileType = sourcecode.c.h; path = CALayerContentView.h; sourceTree = "<group>"; };
		304CA35122B1F477006C645B /* CALayerContentView.m */ = {isa = PBXFileReference; lastKnownFileType = sourcecode.c.objc; path = CALayerContentView.m; sourceTree = "<group>"; };
		30DBA73222B8B7BF005615F7 /* UIViewAnimationViewController.h */ = {isa = PBXFileReference; lastKnownFileType = sourcecode.c.h; path = UIViewAnimationViewController.h; sourceTree = "<group>"; };
		30DBA73322B8B7BF005615F7 /* UIViewAnimationViewController.m */ = {isa = PBXFileReference; lastKnownFileType = sourcecode.c.objc; path = UIViewAnimationViewController.m; sourceTree = "<group>"; };
		30DBA73522B8C45A005615F7 /* DemoViewController.h */ = {isa = PBXFileReference; lastKnownFileType = sourcecode.c.h; path = DemoViewController.h; sourceTree = "<group>"; };
		30DBA73622B8C45A005615F7 /* DemoViewController.m */ = {isa = PBXFileReference; lastKnownFileType = sourcecode.c.objc; path = DemoViewController.m; sourceTree = "<group>"; };
		30DBA73822B8CBD8005615F7 /* UIViewAnimationTypeObject.h */ = {isa = PBXFileReference; lastKnownFileType = sourcecode.c.h; path = UIViewAnimationTypeObject.h; sourceTree = "<group>"; };
		30DBA73922B8CBD8005615F7 /* UIViewAnimationTypeObject.m */ = {isa = PBXFileReference; lastKnownFileType = sourcecode.c.objc; path = UIViewAnimationTypeObject.m; sourceTree = "<group>"; };
		30DBA73B22B8D192005615F7 /* UIViewDemoViewController.h */ = {isa = PBXFileReference; lastKnownFileType = sourcecode.c.h; path = UIViewDemoViewController.h; sourceTree = "<group>"; };
		30DBA73C22B8D192005615F7 /* UIViewDemoViewController.m */ = {isa = PBXFileReference; lastKnownFileType = sourcecode.c.objc; path = UIViewDemoViewController.m; sourceTree = "<group>"; };
		76B81E9C80E226F33BFBA896 /* libPods-CoreAnimationDemo.a */ = {isa = PBXFileReference; explicitFileType = archive.ar; includeInIndex = 0; path = "libPods-CoreAnimationDemo.a"; sourceTree = BUILT_PRODUCTS_DIR; };
		FA70527F17489CC7B1E58E36 /* Pods-CoreAnimationDemo.release.xcconfig */ = {isa = PBXFileReference; includeInIndex = 1; lastKnownFileType = text.xcconfig; name = "Pods-CoreAnimationDemo.release.xcconfig"; path = "Target Support Files/Pods-CoreAnimationDemo/Pods-CoreAnimationDemo.release.xcconfig"; sourceTree = "<group>"; };
		FC64554F23A4ACEF9A4419D7 /* Pods-CoreAnimationDemo.debug.xcconfig */ = {isa = PBXFileReference; includeInIndex = 1; lastKnownFileType = text.xcconfig; name = "Pods-CoreAnimationDemo.debug.xcconfig"; path = "Target Support Files/Pods-CoreAnimationDemo/Pods-CoreAnimationDemo.debug.xcconfig"; sourceTree = "<group>"; };
/* End PBXFileReference section */

/* Begin PBXFrameworksBuildPhase section */
		3002AAC422A682E400C73A6E /* Frameworks */ = {
			isa = PBXFrameworksBuildPhase;
			buildActionMask = 2147483647;
			files = (
				E180ED91FDBFCF1F07901A41 /* libPods-CoreAnimationDemo.a in Frameworks */,
			);
			runOnlyForDeploymentPostprocessing = 0;
		};
/* End PBXFrameworksBuildPhase section */

/* Begin PBXGroup section */
		139E30659AD504C5BCA8A468 /* Pods */ = {
			isa = PBXGroup;
			children = (
				FC64554F23A4ACEF9A4419D7 /* Pods-CoreAnimationDemo.debug.xcconfig */,
				FA70527F17489CC7B1E58E36 /* Pods-CoreAnimationDemo.release.xcconfig */,
			);
			path = Pods;
			sourceTree = "<group>";
		};
		3002AABE22A682E400C73A6E = {
			isa = PBXGroup;
			children = (
				3002AAC922A682E400C73A6E /* CoreAnimationDemo */,
				3002AAC822A682E400C73A6E /* Products */,
				139E30659AD504C5BCA8A468 /* Pods */,
				442339EE015855E08CB62C7C /* Frameworks */,
			);
			sourceTree = "<group>";
		};
		3002AAC822A682E400C73A6E /* Products */ = {
			isa = PBXGroup;
			children = (
				3002AAC722A682E400C73A6E /* CoreAnimationDemo.app */,
			);
			name = Products;
			sourceTree = "<group>";
		};
		3002AAC922A682E400C73A6E /* CoreAnimationDemo */ = {
			isa = PBXGroup;
			children = (
				30DBA73122B8B776005615F7 /* UIViewAnimation */,
				304CA34B22B1EB23006C645B /* CALayer */,
				3002AACA22A682E400C73A6E /* AppDelegate.h */,
				3002AACB22A682E400C73A6E /* AppDelegate.m */,
				3002AAE522A7D15500C73A6E /* MainViewController.h */,
				3002AAE622A7D15500C73A6E /* MainViewController.m */,
				30DBA73522B8C45A005615F7 /* DemoViewController.h */,
				30DBA73622B8C45A005615F7 /* DemoViewController.m */,
				3002AAE022A6844100C73A6E /* cat.png */,
				3002AAD322A682E500C73A6E /* Assets.xcassets */,
				3002AAD822A682E500C73A6E /* Info.plist */,
				3002AAD922A682E500C73A6E /* main.m */,
			);
			path = CoreAnimationDemo;
			sourceTree = "<group>";
		};
		304CA34B22B1EB23006C645B /* CALayer */ = {
			isa = PBXGroup;
			children = (
				304CA34F22B1F459006C645B /* View */,
				304CA34C22B1EE3E006C645B /* CALayerTableViewController.h */,
				304CA34D22B1EE3E006C645B /* CALayerTableViewController.m */,
				3002AAE222A7CB8D00C73A6E /* CALayerDemoViewController.h */,
				3002AAE322A7CB8D00C73A6E /* CALayerDemoViewController.m */,
			);
			path = CALayer;
			sourceTree = "<group>";
		};
		304CA34F22B1F459006C645B /* View */ = {
			isa = PBXGroup;
			children = (
				304CA35022B1F477006C645B /* CALayerContentView.h */,
				304CA35122B1F477006C645B /* CALayerContentView.m */,
			);
			path = View;
			sourceTree = "<group>";
		};
		30DBA73122B8B776005615F7 /* UIViewAnimation */ = {
			isa = PBXGroup;
			children = (
				30DBA73222B8B7BF005615F7 /* UIViewAnimationViewController.h */,
				30DBA73322B8B7BF005615F7 /* UIViewAnimationViewController.m */,
				30DBA73B22B8D192005615F7 /* UIViewDemoViewController.h */,
				30DBA73C22B8D192005615F7 /* UIViewDemoViewController.m */,
				30DBA73822B8CBD8005615F7 /* UIViewAnimationTypeObject.h */,
				30DBA73922B8CBD8005615F7 /* UIViewAnimationTypeObject.m */,
			);
			path = UIViewAnimation;
			sourceTree = "<group>";
		};
		442339EE015855E08CB62C7C /* Frameworks */ = {
			isa = PBXGroup;
			children = (
				76B81E9C80E226F33BFBA896 /* libPods-CoreAnimationDemo.a */,
			);
			name = Frameworks;
			sourceTree = "<group>";
		};
/* End PBXGroup section */

/* Begin PBXNativeTarget section */
		3002AAC622A682E400C73A6E /* CoreAnimationDemo */ = {
			isa = PBXNativeTarget;
			buildConfigurationList = 3002AADD22A682E500C73A6E /* Build configuration list for PBXNativeTarget "CoreAnimationDemo" */;
			buildPhases = (
				F67CE19CB8D5F0B0FC5D4AF2 /* [CP] Check Pods Manifest.lock */,
				3002AAC322A682E400C73A6E /* Sources */,
				3002AAC422A682E400C73A6E /* Frameworks */,
				3002AAC522A682E400C73A6E /* Resources */,
			);
			buildRules = (
			);
			dependencies = (
			);
			name = CoreAnimationDemo;
			productName = CoreAnimationDemo;
			productReference = 3002AAC722A682E400C73A6E /* CoreAnimationDemo.app */;
			productType = "com.apple.product-type.application";
		};
/* End PBXNativeTarget section */

/* Begin PBXProject section */
		3002AABF22A682E400C73A6E /* Project object */ = {
			isa = PBXProject;
			attributes = {
				LastUpgradeCheck = 1020;
				ORGANIZATIONNAME = com.yaymedialabs;
				TargetAttributes = {
					3002AAC622A682E400C73A6E = {
						CreatedOnToolsVersion = 10.2;
					};
				};
			};
			buildConfigurationList = 3002AAC222A682E400C73A6E /* Build configuration list for PBXProject "CoreAnimationDemo" */;
			compatibilityVersion = "Xcode 9.3";
			developmentRegion = en;
			hasScannedForEncodings = 0;
			knownRegions = (
				en,
				Base,
			);
			mainGroup = 3002AABE22A682E400C73A6E;
			productRefGroup = 3002AAC822A682E400C73A6E /* Products */;
			projectDirPath = "";
			projectRoot = "";
			targets = (
				3002AAC622A682E400C73A6E /* CoreAnimationDemo */,
			);
		};
/* End PBXProject section */

/* Begin PBXResourcesBuildPhase section */
		3002AAC522A682E400C73A6E /* Resources */ = {
			isa = PBXResourcesBuildPhase;
			buildActionMask = 2147483647;
			files = (
				3002AAD422A682E500C73A6E /* Assets.xcassets in Resources */,
				3002AAE122A6844100C73A6E /* cat.png in Resources */,
			);
			runOnlyForDeploymentPostprocessing = 0;
		};
/* End PBXResourcesBuildPhase section */

/* Begin PBXShellScriptBuildPhase section */
		F67CE19CB8D5F0B0FC5D4AF2 /* [CP] Check Pods Manifest.lock */ = {
			isa = PBXShellScriptBuildPhase;
			buildActionMask = 2147483647;
			files = (
			);
			inputFileListPaths = (
			);
			inputPaths = (
				"${PODS_PODFILE_DIR_PATH}/Podfile.lock",
				"${PODS_ROOT}/Manifest.lock",
			);
			name = "[CP] Check Pods Manifest.lock";
			outputFileListPaths = (
			);
			outputPaths = (
				"$(DERIVED_FILE_DIR)/Pods-CoreAnimationDemo-checkManifestLockResult.txt",
			);
			runOnlyForDeploymentPostprocessing = 0;
			shellPath = /bin/sh;
			shellScript = "diff \"${PODS_PODFILE_DIR_PATH}/Podfile.lock\" \"${PODS_ROOT}/Manifest.lock\" > /dev/null\nif [ $? != 0 ] ; then\n    # print error to STDERR\n    echo \"error: The sandbox is not in sync with the Podfile.lock. Run 'pod install' or update your CocoaPods installation.\" >&2\n    exit 1\nfi\n# This output is used by Xcode 'outputs' to avoid re-running this script phase.\necho \"SUCCESS\" > \"${SCRIPT_OUTPUT_FILE_0}\"\n";
			showEnvVarsInLog = 0;
		};
/* End PBXShellScriptBuildPhase section */

/* Begin PBXSourcesBuildPhase section */
		3002AAC322A682E400C73A6E /* Sources */ = {
			isa = PBXSourcesBuildPhase;
			buildActionMask = 2147483647;
			files = (
				30DBA73D22B8D192005615F7 /* UIViewDemoViewController.m in Sources */,
				3002AADA22A682E500C73A6E /* main.m in Sources */,
				304CA34E22B1EE3E006C645B /* CALayerTableViewController.m in Sources */,
				30DBA73422B8B7BF005615F7 /* UIViewAnimationViewController.m in Sources */,
				30DBA73722B8C45A005615F7 /* DemoViewController.m in Sources */,
				30DBA73A22B8CBD8005615F7 /* UIViewAnimationTypeObject.m in Sources */,
				304CA35222B1F477006C645B /* CALayerContentView.m in Sources */,
				3002AACC22A682E400C73A6E /* AppDelegate.m in Sources */,
				3002AAE722A7D15500C73A6E /* MainViewController.m in Sources */,
				3002AAE422A7CB8D00C73A6E /* CALayerDemoViewController.m in Sources */,
			);
			runOnlyForDeploymentPostprocessing = 0;
		};
/* End PBXSourcesBuildPhase section */

/* Begin XCBuildConfiguration section */
		3002AADB22A682E500C73A6E /* Debug */ = {
			isa = XCBuildConfiguration;
			buildSettings = {
				ALWAYS_SEARCH_USER_PATHS = NO;
				CLANG_ANALYZER_NONNULL = YES;
				CLANG_ANALYZER_NUMBER_OBJECT_CONVERSION = YES_AGGRESSIVE;
				CLANG_CXX_LANGUAGE_STANDARD = "gnu++14";
				CLANG_CXX_LIBRARY = "libc++";
				CLANG_ENABLE_MODULES = YES;
				CLANG_ENABLE_OBJC_ARC = YES;
				CLANG_ENABLE_OBJC_WEAK = YES;
				CLANG_WARN_BLOCK_CAPTURE_AUTORELEASING = YES;
				CLANG_WARN_BOOL_CONVERSION = YES;
				CLANG_WARN_COMMA = YES;
				CLANG_WARN_CONSTANT_CONVERSION = YES;
				CLANG_WARN_DEPRECATED_OBJC_IMPLEMENTATIONS = YES;
				CLANG_WARN_DIRECT_OBJC_ISA_USAGE = YES_ERROR;
				CLANG_WARN_DOCUMENTATION_COMMENTS = YES;
				CLANG_WARN_EMPTY_BODY = YES;
				CLANG_WARN_ENUM_CONVERSION = YES;
				CLANG_WARN_INFINITE_RECURSION = YES;
				CLANG_WARN_INT_CONVERSION = YES;
				CLANG_WARN_NON_LITERAL_NULL_CONVERSION = YES;
				CLANG_WARN_OBJC_IMPLICIT_RETAIN_SELF = YES;
				CLANG_WARN_OBJC_LITERAL_CONVERSION = YES;
				CLANG_WARN_OBJC_ROOT_CLASS = YES_ERROR;
				CLANG_WARN_RANGE_LOOP_ANALYSIS = YES;
				CLANG_WARN_STRICT_PROTOTYPES = YES;
				CLANG_WARN_SUSPICIOUS_MOVE = YES;
				CLANG_WARN_UNGUARDED_AVAILABILITY = YES_AGGRESSIVE;
				CLANG_WARN_UNREACHABLE_CODE = YES;
				CLANG_WARN__DUPLICATE_METHOD_MATCH = YES;
				CODE_SIGN_IDENTITY = "iPhone Developer";
				COPY_PHASE_STRIP = NO;
				DEBUG_INFORMATION_FORMAT = dwarf;
				ENABLE_STRICT_OBJC_MSGSEND = YES;
				ENABLE_TESTABILITY = YES;
				GCC_C_LANGUAGE_STANDARD = gnu11;
				GCC_DYNAMIC_NO_PIC = NO;
				GCC_NO_COMMON_BLOCKS = YES;
				GCC_OPTIMIZATION_LEVEL = 0;
				GCC_PREPROCESSOR_DEFINITIONS = (
					"DEBUG=1",
					"$(inherited)",
				);
				GCC_WARN_64_TO_32_BIT_CONVERSION = YES;
				GCC_WARN_ABOUT_RETURN_TYPE = YES_ERROR;
				GCC_WARN_UNDECLARED_SELECTOR = YES;
				GCC_WARN_UNINITIALIZED_AUTOS = YES_AGGRESSIVE;
				GCC_WARN_UNUSED_FUNCTION = YES;
				GCC_WARN_UNUSED_VARIABLE = YES;
				IPHONEOS_DEPLOYMENT_TARGET = 12.2;
				MTL_ENABLE_DEBUG_INFO = INCLUDE_SOURCE;
				MTL_FAST_MATH = YES;
				ONLY_ACTIVE_ARCH = YES;
				SDKROOT = iphoneos;
			};
			name = Debug;
		};
		3002AADC22A682E500C73A6E /* Release */ = {
			isa = XCBuildConfiguration;
			buildSettings = {
				ALWAYS_SEARCH_USER_PATHS = NO;
				CLANG_ANALYZER_NONNULL = YES;
				CLANG_ANALYZER_NUMBER_OBJECT_CONVERSION = YES_AGGRESSIVE;
				CLANG_CXX_LANGUAGE_STANDARD = "gnu++14";
				CLANG_CXX_LIBRARY = "libc++";
				CLANG_ENABLE_MODULES = YES;
				CLANG_ENABLE_OBJC_ARC = YES;
				CLANG_ENABLE_OBJC_WEAK = YES;
				CLANG_WARN_BLOCK_CAPTURE_AUTORELEASING = YES;
				CLANG_WARN_BOOL_CONVERSION = YES;
				CLANG_WARN_COMMA = YES;
				CLANG_WARN_CONSTANT_CONVERSION = YES;
				CLANG_WARN_DEPRECATED_OBJC_IMPLEMENTATIONS = YES;
				CLANG_WARN_DIRECT_OBJC_ISA_USAGE = YES_ERROR;
				CLANG_WARN_DOCUMENTATION_COMMENTS = YES;
				CLANG_WARN_EMPTY_BODY = YES;
				CLANG_WARN_ENUM_CONVERSION = YES;
				CLANG_WARN_INFINITE_RECURSION = YES;
				CLANG_WARN_INT_CONVERSION = YES;
				CLANG_WARN_NON_LITERAL_NULL_CONVERSION = YES;
				CLANG_WARN_OBJC_IMPLICIT_RETAIN_SELF = YES;
				CLANG_WARN_OBJC_LITERAL_CONVERSION = YES;
				CLANG_WARN_OBJC_ROOT_CLASS = YES_ERROR;
				CLANG_WARN_RANGE_LOOP_ANALYSIS = YES;
				CLANG_WARN_STRICT_PROTOTYPES = YES;
				CLANG_WARN_SUSPICIOUS_MOVE = YES;
				CLANG_WARN_UNGUARDED_AVAILABILITY = YES_AGGRESSIVE;
				CLANG_WARN_UNREACHABLE_CODE = YES;
				CLANG_WARN__DUPLICATE_METHOD_MATCH = YES;
				CODE_SIGN_IDENTITY = "iPhone Developer";
				COPY_PHASE_STRIP = NO;
				DEBUG_INFORMATION_FORMAT = "dwarf-with-dsym";
				ENABLE_NS_ASSERTIONS = NO;
				ENABLE_STRICT_OBJC_MSGSEND = YES;
				GCC_C_LANGUAGE_STANDARD = gnu11;
				GCC_NO_COMMON_BLOCKS = YES;
				GCC_WARN_64_TO_32_BIT_CONVERSION = YES;
				GCC_WARN_ABOUT_RETURN_TYPE = YES_ERROR;
				GCC_WARN_UNDECLARED_SELECTOR = YES;
				GCC_WARN_UNINITIALIZED_AUTOS = YES_AGGRESSIVE;
				GCC_WARN_UNUSED_FUNCTION = YES;
				GCC_WARN_UNUSED_VARIABLE = YES;
				IPHONEOS_DEPLOYMENT_TARGET = 12.2;
				MTL_ENABLE_DEBUG_INFO = NO;
				MTL_FAST_MATH = YES;
				SDKROOT = iphoneos;
				VALIDATE_PRODUCT = YES;
			};
			name = Release;
		};
		3002AADE22A682E500C73A6E /* Debug */ = {
			isa = XCBuildConfiguration;
			baseConfigurationReference = FC64554F23A4ACEF9A4419D7 /* Pods-CoreAnimationDemo.debug.xcconfig */;
			buildSettings = {
				ASSETCATALOG_COMPILER_APPICON_NAME = AppIcon;
				CODE_SIGN_STYLE = Automatic;
				DEVELOPMENT_TEAM = F6QSEMKSK2;
				INFOPLIST_FILE = CoreAnimationDemo/Info.plist;
				IPHONEOS_DEPLOYMENT_TARGET = 9.0;
				LD_RUNPATH_SEARCH_PATHS = (
					"$(inherited)",
					"@executable_path/Frameworks",
				);
				PRODUCT_BUNDLE_IDENTIFIER = com.yaymedialabs.CoreAnimationDemo;
				PRODUCT_NAME = "$(TARGET_NAME)";
				TARGETED_DEVICE_FAMILY = "1,2";
			};
			name = Debug;
		};
		3002AADF22A682E500C73A6E /* Release */ = {
			isa = XCBuildConfiguration;
			baseConfigurationReference = FA70527F17489CC7B1E58E36 /* Pods-CoreAnimationDemo.release.xcconfig */;
			buildSettings = {
				ASSETCATALOG_COMPILER_APPICON_NAME = AppIcon;
				CODE_SIGN_STYLE = Automatic;
				DEVELOPMENT_TEAM = F6QSEMKSK2;
				INFOPLIST_FILE = CoreAnimationDemo/Info.plist;
				IPHONEOS_DEPLOYMENT_TARGET = 9.0;
				LD_RUNPATH_SEARCH_PATHS = (
					"$(inherited)",
					"@executable_path/Frameworks",
				);
				PRODUCT_BUNDLE_IDENTIFIER = com.yaymedialabs.CoreAnimationDemo;
				PRODUCT_NAME = "$(TARGET_NAME)";
				TARGETED_DEVICE_FAMILY = "1,2";
			};
			name = Release;
		};
/* End XCBuildConfiguration section */

/* Begin XCConfigurationList section */
		3002AAC222A682E400C73A6E /* Build configuration list for PBXProject "CoreAnimationDemo" */ = {
			isa = XCConfigurationList;
			buildConfigurations = (
				3002AADB22A682E500C73A6E /* Debug */,
				3002AADC22A682E500C73A6E /* Release */,
			);
			defaultConfigurationIsVisible = 0;
			defaultConfigurationName = Release;
		};
		3002AADD22A682E500C73A6E /* Build configuration list for PBXNativeTarget "CoreAnimationDemo" */ = {
			isa = XCConfigurationList;
			buildConfigurations = (
				3002AADE22A682E500C73A6E /* Debug */,
				3002AADF22A682E500C73A6E /* Release */,
			);
			defaultConfigurationIsVisible = 0;
			defaultConfigurationName = Release;
		};
/* End XCConfigurationList section */
	};
	rootObject = 3002AABF22A682E400C73A6E /* Project object */;
}
